
Microsoft Visual Studio Solution File, Format Version 12.00
# Visual Studio Version 17
VisualStudioVersion = 17.9.34607.119
MinimumVisualStudioVersion = 10.0.40219.1
Project("{FAE04EC0-301F-11D3-BF4B-00C04F79EFBC}") = "TTIT", "TTIT\TTIT.csproj", "{B06BC98B-1202-4DB6-BDDE-88C4E7572020}"
EndProject
Global
	GlobalSection(SolutionConfigurationPlatforms) = preSolution
		Debug|Any CPU = Debug|Any CPU
		Release|Any CPU = Release|Any CPU
	EndGlobalSection
	GlobalSection(ProjectConfigurationPlatforms) = postSolution
		{B06BC98B-1202-4DB6-BDDE-88C4E7572020}.Debug|Any CPU.ActiveCfg = Debug|Any CPU
		{B06BC98B-1202-4DB6-BDDE-88C4E7572020}.Debug|Any CPU.Build.0 = Debug|Any CPU
		{B06BC98B-1202-4DB6-BDDE-88C4E7572020}.Release|Any CPU.ActiveCfg = Release|Any CPU
		{B06BC98B-1202-4DB6-BDDE-88C4E7572020}.Release|Any CPU.Build.0 = Release|Any CPU
	EndGlobalSection
	GlobalSection(SolutionProperties) = preSolution
		HideSolutionNode = FALSE
	EndGlobalSection
	GlobalSection(ExtensibilityGlobals) = postSolution
		SolutionGuid = {35F18695-B373-470A-A80A-23E027456670}
	EndGlobalSection
EndGlobal
